
Microsoft Visual Studio Solution File, Format Version 12.00
# Visual Studio Version 17
VisualStudioVersion = 17.7.34024.191
MinimumVisualStudioVersion = 10.0.40219.1
Project("{FAE04EC0-301F-11D3-BF4B-00C04F79EFBC}") = "Math Quiz", "Math Quiz.csproj", "{061A4D2C-95F6-439F-9026-BD6865DCADAA}"
EndProject
Global
	GlobalSection(SolutionConfigurationPlatforms) = preSolution
		Debug|Any CPU = Debug|Any CPU
		Release|Any CPU = Release|Any CPU
	EndGlobalSection
	GlobalSection(ProjectConfigurationPlatforms) = postSolution
		{061A4D2C-95F6-439F-9026-BD6865DCADAA}.Debug|Any CPU.ActiveCfg = Debug|Any CPU
		{061A4D2C-95F6-439F-9026-BD6865DCADAA}.Debug|Any CPU.Build.0 = Debug|Any CPU
		{061A4D2C-95F6-439F-9026-BD6865DCADAA}.Release|Any CPU.ActiveCfg = Release|Any CPU
		{061A4D2C-95F6-439F-9026-BD6865DCADAA}.Release|Any CPU.Build.0 = Release|Any CPU
	EndGlobalSection
	GlobalSection(SolutionProperties) = preSolution
		HideSolutionNode = FALSE
	EndGlobalSection
	GlobalSection(ExtensibilityGlobals) = postSolution
		SolutionGuid = {317D8E65-32D8-4BE5-9D8B-319B19CAA60B}
	EndGlobalSection
EndGlobal
